
Microsoft Visual Studio Solution File, Format Version 12.00
# Visual Studio Version 17
VisualStudioVersion = 17.5.33424.131
MinimumVisualStudioVersion = 10.0.40219.1
Project("{FAE04EC0-301F-11D3-BF4B-00C04F79EFBC}") = "puzzlegame", "puzzlegame\puzzlegame.csproj", "{F6A4A8D4-A671-4C35-9858-45353871A926}"
EndProject
Global
	GlobalSection(SolutionConfigurationPlatforms) = preSolution
		Debug|Any CPU = Debug|Any CPU
		Release|Any CPU = Release|Any CPU
	EndGlobalSection
	GlobalSection(ProjectConfigurationPlatforms) = postSolution
		{F6A4A8D4-A671-4C35-9858-45353871A926}.Debug|Any CPU.ActiveCfg = Debug|Any CPU
		{F6A4A8D4-A671-4C35-9858-45353871A926}.Debug|Any CPU.Build.0 = Debug|Any CPU
		{F6A4A8D4-A671-4C35-9858-45353871A926}.Release|Any CPU.ActiveCfg = Release|Any CPU
		{F6A4A8D4-A671-4C35-9858-45353871A926}.Release|Any CPU.Build.0 = Release|Any CPU
	EndGlobalSection
	GlobalSection(SolutionProperties) = preSolution
		HideSolutionNode = FALSE
	EndGlobalSection
	GlobalSection(ExtensibilityGlobals) = postSolution
		SolutionGuid = {F9FAD24C-6A3A-4479-BC6F-3D83CE3BEEAC}
	EndGlobalSection
EndGlobal
